
Microsoft Visual Studio Solution File, Format Version 12.00
# Visual Studio Version 17
VisualStudioVersion = 17.8.34601.278
MinimumVisualStudioVersion = 10.0.40219.1
Project("{FAE04EC0-301F-11D3-BF4B-00C04F79EFBC}") = "godrok_home", "godrok_home.csproj", "{C34000B4-6CD9-4983-831D-135306B03A1C}"
EndProject
Global
	GlobalSection(SolutionConfigurationPlatforms) = preSolution
		Debug|Any CPU = Debug|Any CPU
		Release|Any CPU = Release|Any CPU
	EndGlobalSection
	GlobalSection(ProjectConfigurationPlatforms) = postSolution
		{C34000B4-6CD9-4983-831D-135306B03A1C}.Debug|Any CPU.ActiveCfg = Debug|Any CPU
		{C34000B4-6CD9-4983-831D-135306B03A1C}.Debug|Any CPU.Build.0 = Debug|Any CPU
		{C34000B4-6CD9-4983-831D-135306B03A1C}.Release|Any CPU.ActiveCfg = Release|Any CPU
		{C34000B4-6CD9-4983-831D-135306B03A1C}.Release|Any CPU.Build.0 = Release|Any CPU
	EndGlobalSection
	GlobalSection(SolutionProperties) = preSolution
		HideSolutionNode = FALSE
	EndGlobalSection
	GlobalSection(ExtensibilityGlobals) = postSolution
		SolutionGuid = {F7D41A89-EAEF-4679-8C12-AEC004D32F08}
	EndGlobalSection
EndGlobal
